{
  "version": "5",
  "specifiers": {
    "jsr:@davidbonnet/astring@1.8.6": "1.8.6",
    "jsr:@std/cli@1.0.21": "1.0.21",
    "jsr:@std/cli@^1.0.21": "1.0.21",
    "jsr:@std/collections@^1.1.1": "1.1.2",
    "jsr:@std/crypto@1.0.5": "1.0.5",
    "jsr:@std/encoding@1.0.10": "1.0.10",
    "jsr:@std/encoding@^1.0.10": "1.0.10",
    "jsr:@std/fmt@1.0.8": "1.0.8",
    "jsr:@std/fmt@^1.0.5": "1.0.8",
    "jsr:@std/fmt@^1.0.8": "1.0.8",
    "jsr:@std/front-matter@1.0.9": "1.0.9",
    "jsr:@std/fs@1.0.19": "1.0.19",
    "jsr:@std/fs@^1.0.11": "1.0.19",
    "jsr:@std/fs@^1.0.19": "1.0.19",
    "jsr:@std/html@1.0.4": "1.0.4",
    "jsr:@std/html@^1.0.4": "1.0.4",
    "jsr:@std/http@1.0.20": "1.0.20",
    "jsr:@std/internal@^1.0.9": "1.0.10",
    "jsr:@std/io@~0.225.2": "0.225.2",
    "jsr:@std/json@^1.0.2": "1.0.2",
    "jsr:@std/jsonc@1.0.2": "1.0.2",
    "jsr:@std/log@0.224.14": "0.224.14",
    "jsr:@std/media-types@1.1.0": "1.1.0",
    "jsr:@std/media-types@^1.1.0": "1.1.0",
    "jsr:@std/net@^1.0.4": "1.0.4",
    "jsr:@std/path@1.1.1": "1.1.1",
    "jsr:@std/path@^1.1.1": "1.1.1",
    "jsr:@std/streams@^1.0.10": "1.0.10",
    "jsr:@std/toml@1.0.8": "1.0.8",
    "jsr:@std/toml@^1.0.3": "1.0.8",
    "jsr:@std/yaml@1.0.9": "1.0.9",
    "jsr:@std/yaml@^1.0.5": "1.0.9",
    "npm:@types/estree@1.0.6": "1.0.6",
    "npm:@types/node@*": "22.15.15",
    "npm:estree-walker@3.0.3": "3.0.3",
    "npm:exifr@7.1.3": "7.1.3",
    "npm:lightningcss-wasm@1.30.1": "1.30.1",
    "npm:markdown-it-attrs@4.3.1": "4.3.1_markdown-it@14.1.0",
    "npm:markdown-it-deflist@3.0.0": "3.0.0",
    "npm:markdown-it@14.1.0": "14.1.0",
    "npm:meriyah@6.0.5": "6.0.5"
  },
  "jsr": {
    "@davidbonnet/astring@1.8.6": {
      "integrity": "98b4914c8863cdf8c0ff83bb5c528caa67a8dca6020ad6234113499f00583e3a"
    },
    "@std/cli@1.0.21": {
      "integrity": "cd25b050bdf6282e321854e3822bee624f07aca7636a3a76d95f77a3a919ca2a"
    },
    "@std/collections@1.1.2": {
      "integrity": "f1685dd45c3ec27c39d0e8a642ccf810f391ec8a6cb5e7355926e6dacc64c43e"
    },
    "@std/crypto@1.0.5": {
      "integrity": "0dcfbb319fe0bba1bd3af904ceb4f948cde1b92979ec1614528380ed308a3b40"
    },
    "@std/encoding@1.0.10": {
      "integrity": "8783c6384a2d13abd5e9e87a7ae0520a30e9f56aeeaa3bdf910a3eaaf5c811a1"
    },
    "@std/fmt@1.0.8": {
      "integrity": "71e1fc498787e4434d213647a6e43e794af4fd393ef8f52062246e06f7e372b7"
    },
    "@std/front-matter@1.0.9": {
      "integrity": "ee6201d06674cbef137dda2252f62477450b48249e7d8d9ab57a30f85ff6f051",
      "dependencies": [
        "jsr:@std/toml@^1.0.3",
        "jsr:@std/yaml@^1.0.5"
      ]
    },
    "@std/fs@1.0.19": {
      "integrity": "051968c2b1eae4d2ea9f79a08a3845740ef6af10356aff43d3e2ef11ed09fb06",
      "dependencies": [
        "jsr:@std/internal",
        "jsr:@std/path@^1.1.1"
      ]
    },
    "@std/html@1.0.4": {
      "integrity": "eff3497c08164e6ada49b7f81a28b5108087033823153d065e3f89467dd3d50e"
    },
    "@std/http@1.0.20": {
      "integrity": "b5cc33fc001bccce65ed4c51815668c9891c69ccd908295997e983d8f56070a1",
      "dependencies": [
        "jsr:@std/cli@^1.0.21",
        "jsr:@std/encoding@^1.0.10",
        "jsr:@std/fmt@^1.0.8",
        "jsr:@std/fs@^1.0.19",
        "jsr:@std/html@^1.0.4",
        "jsr:@std/media-types@^1.1.0",
        "jsr:@std/net",
        "jsr:@std/path@^1.1.1",
        "jsr:@std/streams"
      ]
    },
    "@std/internal@1.0.10": {
      "integrity": "e3be62ce42cab0e177c27698e5d9800122f67b766a0bea6ca4867886cbde8cf7"
    },
    "@std/io@0.225.2": {
      "integrity": "3c740cd4ee4c082e6cfc86458f47e2ab7cb353dc6234d5e9b1f91a2de5f4d6c7"
    },
    "@std/json@1.0.2": {
      "integrity": "d9e5497801c15fb679f55a2c01c7794ad7a5dfda4dd1bebab5e409cb5e0d34d4"
    },
    "@std/jsonc@1.0.2": {
      "integrity": "909605dae3af22bd75b1cbda8d64a32cf1fd2cf6efa3f9e224aba6d22c0f44c7",
      "dependencies": [
        "jsr:@std/json"
      ]
    },
    "@std/log@0.224.14": {
      "integrity": "257f7adceee3b53bb2bc86c7242e7d1bc59729e57d4981c4a7e5b876c808f05e",
      "dependencies": [
        "jsr:@std/fmt@^1.0.5",
        "jsr:@std/fs@^1.0.11",
        "jsr:@std/io"
      ]
    },
    "@std/media-types@1.1.0": {
      "integrity": "c9d093f0c05c3512932b330e3cc1fe1d627b301db33a4c2c2185c02471d6eaa4"
    },
    "@std/net@1.0.4": {
      "integrity": "2f403b455ebbccf83d8a027d29c5a9e3a2452fea39bb2da7f2c04af09c8bc852"
    },
    "@std/path@1.1.1": {
      "integrity": "fe00026bd3a7e6a27f73709b83c607798be40e20c81dde655ce34052fd82ec76",
      "dependencies": [
        "jsr:@std/internal"
      ]
    },
    "@std/streams@1.0.10": {
      "integrity": "75c0b1431873cd0d8b3d679015220204d36d3c7420d93b60acfc379eb0dc30af"
    },
    "@std/toml@1.0.8": {
      "integrity": "eb8ae76b4cc1c6c13f2a91123675823adbec2380de75cd3748c628960d952164",
      "dependencies": [
        "jsr:@std/collections"
      ]
    },
    "@std/yaml@1.0.9": {
      "integrity": "6bad3dc766dd85b4b37eabcba81b6aa4eac7a392792ae29abcfb0f90602d55bb"
    }
  },
  "npm": {
    "@types/estree@1.0.6": {
      "integrity": "sha512-AYnb1nQyY49te+VRAVgmzfcgjYS91mY5P0TKUDCLEM+gNnA+3T6rWITXRLYCpahpqSQbN5cE+gHpnPyXjHWxcw=="
    },
    "@types/estree@1.0.8": {
      "integrity": "sha512-dWHzHa2WqEXI/O1E9OjrocMTKJl2mSrEolh1Iomrv6U+JuNwaHXsXx9bLu5gG7BUWFIN0skIQJQ/L1rIex4X6w=="
    },
    "@types/node@22.15.15": {
      "integrity": "sha512-R5muMcZob3/Jjchn5LcO8jdKwSCbzqmPB6ruBxMcf9kbxtniZHP327s6C37iOfuw8mbKK3cAQa7sEl7afLrQ8A==",
      "dependencies": [
        "undici-types"
      ]
    },
    "argparse@2.0.1": {
      "integrity": "sha512-8+9WqebbFzpX9OR+Wa6O29asIogeRMzcGtAINdpMHHyAg10f05aSFVBbcEqGf/PXw1EjAZ+q2/bEBg3DvurK3Q=="
    },
    "entities@4.5.0": {
      "integrity": "sha512-V0hjH4dGPh9Ao5p0MoRY6BVqtwCjhz6vI5LT8AJ55H+4g9/4vbHx1I54fS0XuclLhDHArPQCiMjDxjaL8fPxhw=="
    },
    "estree-walker@3.0.3": {
      "integrity": "sha512-7RUKfXgSMMkzt6ZuXmqapOurLGPPfgj6l9uRZ7lRGolvk0y2yocc35LdcxKC5PQZdn2DMqioAQ2NoWcrTKmm6g==",
      "dependencies": [
        "@types/estree@1.0.8"
      ]
    },
    "exifr@7.1.3": {
      "integrity": "sha512-g/aje2noHivrRSLbAUtBPWFbxKdKhgj/xr1vATDdUXPOFYJlQ62Ft0oy+72V6XLIpDJfHs6gXLbBLAolqOXYRw=="
    },
    "lightningcss-wasm@1.30.1": {
      "integrity": "sha512-KJTnKEn0REV6DoJzxG0m5EKVEFA1CVE1isDYpXjsuqWXwLKFPJtA9Z9BSzPZJwAZFN2KaUzy+IWGP59p5bm2sA==",
      "dependencies": [
        "napi-wasm"
      ]
    },
    "linkify-it@5.0.0": {
      "integrity": "sha512-5aHCbzQRADcdP+ATqnDuhhJ/MRIqDkZX5pyjFHRRysS8vZ5AbqGEoFIb6pYHPZ+L/OC2Lc+xT8uHVVR5CAK/wQ==",
      "dependencies": [
        "uc.micro"
      ]
    },
    "markdown-it-attrs@4.3.1_markdown-it@14.1.0": {
      "integrity": "sha512-/ko6cba+H6gdZ0DOw7BbNMZtfuJTRp9g/IrGIuz8lYc/EfnmWRpaR3CFPnNbVz0LDvF8Gf1hFGPqrQqq7De0rg==",
      "dependencies": [
        "markdown-it"
      ]
    },
    "markdown-it-deflist@3.0.0": {
      "integrity": "sha512-OxPmQ/keJZwbubjiQWOvKLHwpV2wZ5I3Smc81OjhwbfJsjdRrvD5aLTQxmZzzePeO0kbGzAo3Krk4QLgA8PWLg=="
    },
    "markdown-it@14.1.0": {
      "integrity": "sha512-a54IwgWPaeBCAAsv13YgmALOF1elABB08FxO9i+r4VFk5Vl4pKokRPeX8u5TCgSsPi6ec1otfLjdOpVcgbpshg==",
      "dependencies": [
        "argparse",
        "entities",
        "linkify-it",
        "mdurl",
        "punycode.js",
        "uc.micro"
      ],
      "bin": true
    },
    "mdurl@2.0.0": {
      "integrity": "sha512-Lf+9+2r+Tdp5wXDXC4PcIBjTDtq4UKjCPMQhKIuzpJNW0b96kVqSwW0bT7FhRSfmAiFYgP+SCRvdrDozfh0U5w=="
    },
    "meriyah@6.0.5": {
      "integrity": "sha512-SrMqQCox7TTwtftWKHy/ZaVe+ZRpRl20pAgDo+PS9hzcAJrMjYsBJQPPiLXTnjztrqdfGS+Zz99r6Bwvydta1w=="
    },
    "napi-wasm@1.1.3": {
      "integrity": "sha512-h/4nMGsHjZDCYmQVNODIrYACVJ+I9KItbG+0si6W/jSjdA9JbWDoU4LLeMXVcEQGHjttI2tuXqDrbGF7qkUHHg=="
    },
    "punycode.js@2.3.1": {
      "integrity": "sha512-uxFIHU0YlHYhDQtV4R9J6a52SLx28BCjT+4ieh7IGbgwVJWO+km431c4yRlREUAsAmt/uMjQUyQHNEPf0M39CA=="
    },
    "uc.micro@2.1.0": {
      "integrity": "sha512-ARDJmphmdvUk6Glw7y9DQ2bFkKBHwQHLi2lsaH6PPmz/Ka9sFOBsBluozhDltWmnv9u/cF6Rt87znRTPV+yp/A=="
    },
    "undici-types@6.21.0": {
      "integrity": "sha512-iwDZqg0QAGrg9Rav5H4n0M64c3mkR59cJ6wQp+7C4nI0gsmExaedaYLNO44eT4AtBBwjbTiGPMlt2Md0T9H9JQ=="
    }
  },
  "remote": {
    "https://cdn.jsdelivr.net/gh/lumeland/bar@0.1.11/types.ts": "38f3714e1432c174009495333972f85fb306eb6313112ac8830fda9f1f47e87f",
    "https://cdn.jsdelivr.net/gh/lumeland/cms@b439433be8a45a729b7a663a0a337a9a38bf8831/core/cms.ts": "cbc745f38f3de69ad1de223b166ffe98080aad513ce7209ad737c09ca34109d8",
    "https://cdn.jsdelivr.net/gh/lumeland/cms@b439433be8a45a729b7a663a0a337a9a38bf8831/core/collection.ts": "5f0ffe0691ca10a10a6c9cdd6af596a1d92d5f1c591c5525b3fac229b8a10733",
    "https://cdn.jsdelivr.net/gh/lumeland/cms@b439433be8a45a729b7a663a0a337a9a38bf8831/core/document.ts": "e9b1057372d6d1af81d4cce71dc65d8a7aa9b48077d187a788e00e41edbabb19",
    "https://cdn.jsdelivr.net/gh/lumeland/cms@b439433be8a45a729b7a663a0a337a9a38bf8831/core/git.ts": "6153cf5b6e6543c3f7154a2846bf3a9af092930cb45aa5ec69458507ef9f2436",
    "https://cdn.jsdelivr.net/gh/lumeland/cms@b439433be8a45a729b7a663a0a337a9a38bf8831/core/routes/collection.ts": "17b6a7d3bdb031dc7a302fa36641a14c961d2ec9d69a0418e66cb9e7c5511c6c",
    "https://cdn.jsdelivr.net/gh/lumeland/cms@b439433be8a45a729b7a663a0a337a9a38bf8831/core/routes/document.ts": "7236310a53a948988519d788f478ae7b07b28e0eedab24dd377dd398287af9d6",
    "https://cdn.jsdelivr.net/gh/lumeland/cms@b439433be8a45a729b7a663a0a337a9a38bf8831/core/routes/index.ts": "bbaa290ec4eef96bb24e3a2e9768e7f56f002aa909a410514dc1435ef96f4670",
    "https://cdn.jsdelivr.net/gh/lumeland/cms@b439433be8a45a729b7a663a0a337a9a38bf8831/core/routes/uploads.ts": "4ba62d82341f97aa490d4858e69e34d477805cb7cc6b9125a59e93e5ba94127f",
    "https://cdn.jsdelivr.net/gh/lumeland/cms@b439433be8a45a729b7a663a0a337a9a38bf8831/core/routes/versions.ts": "91986c932837ee2dbcf50db8fab5fc01514e5228c917725e43f86c55749cfb4f",
    "https://cdn.jsdelivr.net/gh/lumeland/cms@b439433be8a45a729b7a663a0a337a9a38bf8831/core/templates/tree.ts": "daf31cf394a5c9e5ac7e6bdb7d3a03a73a62cf21c7fff77af60b4c67c352ed6d",
    "https://cdn.jsdelivr.net/gh/lumeland/cms@b439433be8a45a729b7a663a0a337a9a38bf8831/core/upload.ts": "cac242a85902a66e1d3e5810d8f9f4068670c6d47709d140f344cc34db3e9dc1",
    "https://cdn.jsdelivr.net/gh/lumeland/cms@b439433be8a45a729b7a663a0a337a9a38bf8831/core/user.ts": "d32041a3c557e070dea2ccf0dbd5afd19b29d901d6c285057b149017ed024aea",
    "https://cdn.jsdelivr.net/gh/lumeland/cms@b439433be8a45a729b7a663a0a337a9a38bf8831/core/utils/data.ts": "dcaa2565dfb968f02164eca44998d719b59e92cd8b523d0ead56fc13b49b3a99",
    "https://cdn.jsdelivr.net/gh/lumeland/cms@b439433be8a45a729b7a663a0a337a9a38bf8831/core/utils/env.ts": "723cb01d9509e0942a32ff568314b5ac27152c94e0070dc0cd6a706c74f33a62",
    "https://cdn.jsdelivr.net/gh/lumeland/cms@b439433be8a45a729b7a663a0a337a9a38bf8831/core/utils/path.ts": "1308c2168915129413fcfb6e3a1a71e89dafd1f5e50ab1c0eb27713714f296f7",
    "https://cdn.jsdelivr.net/gh/lumeland/cms@b439433be8a45a729b7a663a0a337a9a38bf8831/core/utils/string.ts": "34eef99ec86c9cf6df0dbe50beed11be4f3aa2a9af5948d6ec13934f72395208",
    "https://cdn.jsdelivr.net/gh/lumeland/cms@b439433be8a45a729b7a663a0a337a9a38bf8831/deps/exifr.ts": "6f3ef7ff9d4e90301aeb960f3b7ddda4febfd8fa736b4e7e3d4bc4d35f403b0e",
    "https://cdn.jsdelivr.net/gh/lumeland/cms@b439433be8a45a729b7a663a0a337a9a38bf8831/deps/galo.ts": "a801dc885df39485995768c1a156d509a5000c4fcd1297e5a3590993f4de3fca",
    "https://cdn.jsdelivr.net/gh/lumeland/cms@b439433be8a45a729b7a663a0a337a9a38bf8831/deps/imagick.ts": "dc34296a9f650bc259809646238c1275516b593c9e437b2b61e028699296f7c5",
    "https://cdn.jsdelivr.net/gh/lumeland/cms@b439433be8a45a729b7a663a0a337a9a38bf8831/deps/std.ts": "73cbc9512ccb29f4897b7fd3c9ed90f668a8bdc96e8a58ba5eb165d6493449de",
    "https://cdn.jsdelivr.net/gh/lumeland/cms@b439433be8a45a729b7a663a0a337a9a38bf8831/deps/vento.ts": "f23d233b8b6c27c791b5ed14deee855066fd0879747ec23c8f63938464119434",
    "https://cdn.jsdelivr.net/gh/lumeland/cms@b439433be8a45a729b7a663a0a337a9a38bf8831/fields/checkbox.ts": "e18af75a1d30130189458ffde7bdb552cccd00c642f5d941f252da8a4e3250de",
    "https://cdn.jsdelivr.net/gh/lumeland/cms@b439433be8a45a729b7a663a0a337a9a38bf8831/fields/choose-list.ts": "ff6e4f0ea68ad3d71c6bf907f7fd16dddcbd880a389c362f8c9ea8116a766822",
    "https://cdn.jsdelivr.net/gh/lumeland/cms@b439433be8a45a729b7a663a0a337a9a38bf8831/fields/choose.ts": "36256153e5399f71db922c9c55a9d015a66618e6f7bdecc2f371921620d0873d",
    "https://cdn.jsdelivr.net/gh/lumeland/cms@b439433be8a45a729b7a663a0a337a9a38bf8831/fields/code.ts": "5befd70f07f65082236af869a3a716e766ad116612cb012784b2e4edc9ef7f96",
    "https://cdn.jsdelivr.net/gh/lumeland/cms@b439433be8a45a729b7a663a0a337a9a38bf8831/fields/color.ts": "86cbe038bd921818ea8f6febbc3abde7c5e7be5b95b9daa699ff3c4a1e69bea1",
    "https://cdn.jsdelivr.net/gh/lumeland/cms@b439433be8a45a729b7a663a0a337a9a38bf8831/fields/current-datetime.ts": "7ddb1316c2964e3bac81dfa1fc970e6a2a7f3bdd0913038d63a6c45636ee55df",
    "https://cdn.jsdelivr.net/gh/lumeland/cms@b439433be8a45a729b7a663a0a337a9a38bf8831/fields/date.ts": "56931c172922f4fb1615a8375c16ac6cff4b6b0900bcd5307aaa8404867097a9",
    "https://cdn.jsdelivr.net/gh/lumeland/cms@b439433be8a45a729b7a663a0a337a9a38bf8831/fields/datetime.ts": "21ba698421d810f684f6a9a54ee5ec8ede8ba64d9e7c9f1419f1a728128932d2",
    "https://cdn.jsdelivr.net/gh/lumeland/cms@b439433be8a45a729b7a663a0a337a9a38bf8831/fields/email.ts": "d0d35e653a4d654133ebafe0f207d7aceca368f661ff21e0dfcf140644c7c497",
    "https://cdn.jsdelivr.net/gh/lumeland/cms@b439433be8a45a729b7a663a0a337a9a38bf8831/fields/file-list.ts": "9a60cb2d3daa55fa56e2faf30fdad9f7cfd4c54cf64ea5f6ba979a49f9be3bd2",
    "https://cdn.jsdelivr.net/gh/lumeland/cms@b439433be8a45a729b7a663a0a337a9a38bf8831/fields/file.ts": "1a9fdf16668d8dc33ff3e05560bfef49268bdf4505216655dc660d1075318780",
    "https://cdn.jsdelivr.net/gh/lumeland/cms@b439433be8a45a729b7a663a0a337a9a38bf8831/fields/hidden.ts": "800792dc3eff2735581964b43e1059bbd1e2523cf2f38c65ff0522c1032f73b2",
    "https://cdn.jsdelivr.net/gh/lumeland/cms@b439433be8a45a729b7a663a0a337a9a38bf8831/fields/list.ts": "b1f939919e5270d65aefdd5946349511817c4786877ccbe5497936161295f9e4",
    "https://cdn.jsdelivr.net/gh/lumeland/cms@b439433be8a45a729b7a663a0a337a9a38bf8831/fields/markdown.ts": "2b4f0b0c3abe7d154dbc4c20f5ffa93f8aa85a720e0dead36fdb0acc5db3aebb",
    "https://cdn.jsdelivr.net/gh/lumeland/cms@b439433be8a45a729b7a663a0a337a9a38bf8831/fields/number.ts": "1d5483bfe8f77a93dfcd440a8ea921e0516675ad079b2402db0317d9482e0a87",
    "https://cdn.jsdelivr.net/gh/lumeland/cms@b439433be8a45a729b7a663a0a337a9a38bf8831/fields/object-list.ts": "24cb3545affc7a6147f5d8dcf23ed84106a5938ff4f4d3db182a64c8466d3a08",
    "https://cdn.jsdelivr.net/gh/lumeland/cms@b439433be8a45a729b7a663a0a337a9a38bf8831/fields/object.ts": "208e6d17afc02853000f0f2478ba340bca787ee19e4ce8889db8fa93b88f38af",
    "https://cdn.jsdelivr.net/gh/lumeland/cms@b439433be8a45a729b7a663a0a337a9a38bf8831/fields/radio.ts": "6ab756c399af19ce697be43f3980b1de91859b8b4b8fba30a1dd0e9d5493f937",
    "https://cdn.jsdelivr.net/gh/lumeland/cms@b439433be8a45a729b7a663a0a337a9a38bf8831/fields/relation-list.ts": "28593392fbe8239848b7b1a30ce2e0535cb3957bcffeb533263fa09ee9842ddb",
    "https://cdn.jsdelivr.net/gh/lumeland/cms@b439433be8a45a729b7a663a0a337a9a38bf8831/fields/relation.ts": "b2b0c035a6ede591fc19cadb3bf4827d1ea5e4f482f16cd7125de0a4864a45f6",
    "https://cdn.jsdelivr.net/gh/lumeland/cms@b439433be8a45a729b7a663a0a337a9a38bf8831/fields/select.ts": "3ebe717a7833233fe77ba64d13b62444e5ec4e67366f9c38572c3a06aeb1175d",
    "https://cdn.jsdelivr.net/gh/lumeland/cms@b439433be8a45a729b7a663a0a337a9a38bf8831/fields/text.ts": "ff0d6cd231fc991317981b4c2d730ad2cf8e2ada83f6f14ea5e9d59b66f68e74",
    "https://cdn.jsdelivr.net/gh/lumeland/cms@b439433be8a45a729b7a663a0a337a9a38bf8831/fields/textarea.ts": "8a656176a2cd1d27091ecf373a9dfd9516df6f14c7a6a27eaec7dc59f3994fa5",
    "https://cdn.jsdelivr.net/gh/lumeland/cms@b439433be8a45a729b7a663a0a337a9a38bf8831/fields/time.ts": "ac0cdd50c5a479636dcf99a40b36d1db2d00a19e63ee98ae1272d75f92794130",
    "https://cdn.jsdelivr.net/gh/lumeland/cms@b439433be8a45a729b7a663a0a337a9a38bf8831/fields/url.ts": "ecfa6617e2ce19226190fd927939beec45461af5267314409ec0fff4642aa969",
    "https://cdn.jsdelivr.net/gh/lumeland/cms@b439433be8a45a729b7a663a0a337a9a38bf8831/fields/utils.ts": "37960438d59d7572d07d39f889831985d6f8240ea5cfaaaa69e5e09abc1545bf",
    "https://cdn.jsdelivr.net/gh/lumeland/cms@b439433be8a45a729b7a663a0a337a9a38bf8831/mod.ts": "4881aac9cc9476929fa179105ddc6ea0478aa1b0606945831c4fb89f60eaad96",
    "https://cdn.jsdelivr.net/gh/lumeland/cms@b439433be8a45a729b7a663a0a337a9a38bf8831/storage/fs.ts": "298d9e86ef5931a9bedeb9d431dbad34001603cc15cca04acb28078c222d4b66",
    "https://cdn.jsdelivr.net/gh/lumeland/cms@b439433be8a45a729b7a663a0a337a9a38bf8831/storage/transformers/front_matter.ts": "7e8f4b74b227f3c37baeccd610403e88b266f31864e84aa700373ae20ae5217f",
    "https://cdn.jsdelivr.net/gh/lumeland/cms@b439433be8a45a729b7a663a0a337a9a38bf8831/storage/transformers/json.ts": "afde08a10207587fbdfa4fcc7c6790b92b70331572810d8a70df33fe2c1013ca",
    "https://cdn.jsdelivr.net/gh/lumeland/cms@b439433be8a45a729b7a663a0a337a9a38bf8831/storage/transformers/mod.ts": "7eda6aa39026dc1ddcf062a2426d9d657770c77eec4be00f750be6001f80d56b",
    "https://cdn.jsdelivr.net/gh/lumeland/cms@b439433be8a45a729b7a663a0a337a9a38bf8831/storage/transformers/transform_error.js": "712c6ccdb6782c30a4646f3f8130f4a7b5bd6e34d88d8f4bbb0075ec376ce8b0",
    "https://cdn.jsdelivr.net/gh/lumeland/cms@b439433be8a45a729b7a663a0a337a9a38bf8831/storage/transformers/yaml.ts": "a8f541990b0976a8a630cf1e2b678c8db998f79f4b97fcbf4a613a12c2b85ca6",
    "https://cdn.jsdelivr.net/gh/lumeland/cms@b439433be8a45a729b7a663a0a337a9a38bf8831/types.ts": "f64cf1d7de5e7c2df035e73d80be800fdfc503cf4a75a5b8e7d0c47d9f183a37",
    "https://cdn.jsdelivr.net/gh/lumeland/lume@2fa906d34d87e805869d65bdfbb04fdac7d0252b/core/utils/lume_config.ts": "854c9d037e12e50804266717a462f924855fe2b0a819ceed4950414c4f70c5ac",
    "https://cdn.jsdelivr.net/gh/lumeland/lume@2fa906d34d87e805869d65bdfbb04fdac7d0252b/core/utils/path.ts": "7a1d199113928cc35782aa3262cbe6f7a4894bc262d7d300de9385b3da45602f",
    "https://cdn.jsdelivr.net/gh/lumeland/lume@2fa906d34d87e805869d65bdfbb04fdac7d0252b/deps/path.ts": "694822db2e75db402af9ef4dc451c1ed3232c108a54c0a394e9bbd6eac952a6c",
    "https://cdn.jsdelivr.net/gh/lumeland/lume@2fa906d34d87e805869d65bdfbb04fdac7d0252b/lint.ts": "4b369361e0cff20a8dfd9e3ff8cb642aa805e7532825ea3a5378eb1f80901fc6",
    "https://cdn.jsdelivr.net/gh/lumeland/lume@cef9d9458268ecfa058efd4bbb234a935ce3f7dc/cli/create.ts": "db576c8cd3aa5a27685c6283573983be59de0be7ec404a9f815b24d4ea61c639",
    "https://cdn.jsdelivr.net/gh/lumeland/lume@cef9d9458268ecfa058efd4bbb234a935ce3f7dc/cli/utils.ts": "71e1ee512aa630cf4b2b3ddd646f1ef5f20b43b538d396ad4e27128f7a8439c3",
    "https://cdn.jsdelivr.net/gh/lumeland/lume@cef9d9458268ecfa058efd4bbb234a935ce3f7dc/core/cache.ts": "a6df9d9208b2276fa9269fec8f5c8ae2d48fc373af537414d8b57e5505ead9d0",
    "https://cdn.jsdelivr.net/gh/lumeland/lume@cef9d9458268ecfa058efd4bbb234a935ce3f7dc/core/components.ts": "e5b0d2aca8e630735534a4cb781802fe9c194c3be4e1010c0abe73617c607d84",
    "https://cdn.jsdelivr.net/gh/lumeland/lume@cef9d9458268ecfa058efd4bbb234a935ce3f7dc/core/data_loader.ts": "8698a9e9b1aac27147dc835ba89a0e30828c81338eceae86630607d78f146215",
    "https://cdn.jsdelivr.net/gh/lumeland/lume@cef9d9458268ecfa058efd4bbb234a935ce3f7dc/core/debugbar.ts": "77d23362c29e69a8f42b8fc13d6129e62ac6ecf339bc0ac4739082c800b44f58",
    "https://cdn.jsdelivr.net/gh/lumeland/lume@cef9d9458268ecfa058efd4bbb234a935ce3f7dc/core/events.ts": "e4fd1786eb7dd4a041d7d922779b9edf1ee89e51fd17ba5e756f380879ccb557",
    "https://cdn.jsdelivr.net/gh/lumeland/lume@cef9d9458268ecfa058efd4bbb234a935ce3f7dc/core/file.ts": "7006371e0962c74e5519142d432284065eff8009c051df2ce064ca8b19d9a7b9",
    "https://cdn.jsdelivr.net/gh/lumeland/lume@cef9d9458268ecfa058efd4bbb234a935ce3f7dc/core/formats.ts": "e65130e5c5f2e49435619479710c812199b480a9e145fdc6b2bac11cfe6ea08e",
    "https://cdn.jsdelivr.net/gh/lumeland/lume@cef9d9458268ecfa058efd4bbb234a935ce3f7dc/core/fs.ts": "22d77101afaef582f18cf1619bb9eed7fd5cd0b3ce840588a53432fcd90cd8af",
    "https://cdn.jsdelivr.net/gh/lumeland/lume@cef9d9458268ecfa058efd4bbb234a935ce3f7dc/core/loaders/binary.ts": "bb1e1cf3faac49f6007dc6814168dc0f633da17356db18e68862e4b2a87a3f33",
    "https://cdn.jsdelivr.net/gh/lumeland/lume@cef9d9458268ecfa058efd4bbb234a935ce3f7dc/core/loaders/json.ts": "ae28e711196215ca2772e9e31f2646ff4c3cf3f66ae75bf8cbcab94de5dbd24f",
    "https://cdn.jsdelivr.net/gh/lumeland/lume@cef9d9458268ecfa058efd4bbb234a935ce3f7dc/core/loaders/module.ts": "abcb210fa6724b83407407cd0f7ef90462b35a2017bc135a3d124dd7f38843f6",
    "https://cdn.jsdelivr.net/gh/lumeland/lume@cef9d9458268ecfa058efd4bbb234a935ce3f7dc/core/loaders/text.ts": "42860fc3482651fa6cfba18a734bb548d6e6e1163bf1015c2abc447ab150acbd",
    "https://cdn.jsdelivr.net/gh/lumeland/lume@cef9d9458268ecfa058efd4bbb234a935ce3f7dc/core/loaders/toml.ts": "72ddfef2deea62815c28e27faa2c5356e09b3109e9547e47a6defea3d3332452",
    "https://cdn.jsdelivr.net/gh/lumeland/lume@cef9d9458268ecfa058efd4bbb234a935ce3f7dc/core/loaders/yaml.ts": "241dc41fbe51b92e38dc748eda614c35d80fb8c63a6d40253453c6bb78c9c47e",
    "https://cdn.jsdelivr.net/gh/lumeland/lume@cef9d9458268ecfa058efd4bbb234a935ce3f7dc/core/processors.ts": "047a87b0c9a0377ef15daaf1b671a29d541e4bb744c152f02a5c4f0a80fbbb64",
    "https://cdn.jsdelivr.net/gh/lumeland/lume@cef9d9458268ecfa058efd4bbb234a935ce3f7dc/core/renderer.ts": "8c69046aa0fdc51fddbbd36c02aeb9b2226a5853f4ae8aeb549c17c43af13e88",
    "https://cdn.jsdelivr.net/gh/lumeland/lume@cef9d9458268ecfa058efd4bbb234a935ce3f7dc/core/scopes.ts": "dbdf93d7a9cead84833779e974f190b1379356ec7c0ccd34aa92f917c2cdd2f9",
    "https://cdn.jsdelivr.net/gh/lumeland/lume@cef9d9458268ecfa058efd4bbb234a935ce3f7dc/core/scripts.ts": "286969b120d2290ba57a7fdd9b37e587aacf4e4162d92f51f1f1e9e18c864f30",
    "https://cdn.jsdelivr.net/gh/lumeland/lume@cef9d9458268ecfa058efd4bbb234a935ce3f7dc/core/searcher.ts": "19530e0149ca925334f98052863a52cdfbbeea9977342b209829999a34e816a6",
    "https://cdn.jsdelivr.net/gh/lumeland/lume@cef9d9458268ecfa058efd4bbb234a935ce3f7dc/core/server.ts": "9378853e85df284ecbf23fb846cb106aa6ce7b1673a141f1920851f52904faef",
    "https://cdn.jsdelivr.net/gh/lumeland/lume@cef9d9458268ecfa058efd4bbb234a935ce3f7dc/core/site.ts": "c21fbcac08d645cd36eef0e888555935d7fc6601264848d06bf39200e69e1c46",
    "https://cdn.jsdelivr.net/gh/lumeland/lume@cef9d9458268ecfa058efd4bbb234a935ce3f7dc/core/source.ts": "d4dbe91058369ffaf23778da7e8d8287234f3901eed378accb7933e76529a216",
    "https://cdn.jsdelivr.net/gh/lumeland/lume@cef9d9458268ecfa058efd4bbb234a935ce3f7dc/core/utils/cli_options.ts": "0c857453c47270d471e8b385aafaa963eeabd2ab93f4d8a3a3ba3767f070d283",
    "https://cdn.jsdelivr.net/gh/lumeland/lume@cef9d9458268ecfa058efd4bbb234a935ce3f7dc/core/utils/concurrent.ts": "cb0775b3d95f3faa356aa3a3e489dccef8807ed93cc4f84fcf5bc81e87c29504",
    "https://cdn.jsdelivr.net/gh/lumeland/lume@cef9d9458268ecfa058efd4bbb234a935ce3f7dc/core/utils/date.ts": "3eb0b0e2ea15a95cdfe737be70cd4f48cbe49401928cb04c25a230f411ab2478",
    "https://cdn.jsdelivr.net/gh/lumeland/lume@cef9d9458268ecfa058efd4bbb234a935ce3f7dc/core/utils/digest.ts": "445b387983391af73269686292a65bb677119a25a327776885ff1242a9397ad8",
    "https://cdn.jsdelivr.net/gh/lumeland/lume@cef9d9458268ecfa058efd4bbb234a935ce3f7dc/core/utils/dom.ts": "fffb0c0c3ae613282e0447c3e4c122a62f44c776771d525a0ca09759883b4b9e",
    "https://cdn.jsdelivr.net/gh/lumeland/lume@cef9d9458268ecfa058efd4bbb234a935ce3f7dc/core/utils/env.ts": "9d0d859303e8cb799d122088f077c54b85258763f2541313be3bf66b58ce33a3",
    "https://cdn.jsdelivr.net/gh/lumeland/lume@cef9d9458268ecfa058efd4bbb234a935ce3f7dc/core/utils/format.ts": "bad71315eefd5ad0413841bbe5e8406d636d58d3ed3ef48674655b3a21a0aab0",
    "https://cdn.jsdelivr.net/gh/lumeland/lume@cef9d9458268ecfa058efd4bbb234a935ce3f7dc/core/utils/generator.ts": "1e664e9fd4c469e38a0acf5c94fd49dac4f38cb6334563ea4b7fc498b5958877",
    "https://cdn.jsdelivr.net/gh/lumeland/lume@cef9d9458268ecfa058efd4bbb234a935ce3f7dc/core/utils/log.ts": "9652d9b7a78fa61d667b6749a35ea02a00927b541d6d4d72e7f3de1881101bde",
    "https://cdn.jsdelivr.net/gh/lumeland/lume@cef9d9458268ecfa058efd4bbb234a935ce3f7dc/core/utils/lume_config.ts": "854c9d037e12e50804266717a462f924855fe2b0a819ceed4950414c4f70c5ac",
    "https://cdn.jsdelivr.net/gh/lumeland/lume@cef9d9458268ecfa058efd4bbb234a935ce3f7dc/core/utils/merge_data.ts": "4ac5067e5b2ff3ba88ef2e009ee718e512aeb097a28f785b8bc733cb8805251c",
    "https://cdn.jsdelivr.net/gh/lumeland/lume@cef9d9458268ecfa058efd4bbb234a935ce3f7dc/core/utils/net.ts": "d0d58c95668effc13669015c219295532f67e4a02396286308c772871b615a9b",
    "https://cdn.jsdelivr.net/gh/lumeland/lume@cef9d9458268ecfa058efd4bbb234a935ce3f7dc/core/utils/object.ts": "70f4d7b289478810499e5631cb9458e2961db12b5caa51ec34f87b6b5f6d4674",
    "https://cdn.jsdelivr.net/gh/lumeland/lume@cef9d9458268ecfa058efd4bbb234a935ce3f7dc/core/utils/page_content.ts": "bbadb588f9d9fcf1a2af156ce4b68974dfad39b65c3c8d42a6f1895b194c7eec",
    "https://cdn.jsdelivr.net/gh/lumeland/lume@cef9d9458268ecfa058efd4bbb234a935ce3f7dc/core/utils/page_date.ts": "2a3d9c203df298ca61f568fdf509945f127f990769623c3edfd753d39807b757",
    "https://cdn.jsdelivr.net/gh/lumeland/lume@cef9d9458268ecfa058efd4bbb234a935ce3f7dc/core/utils/page_url.ts": "e292cba024f66d35b1b622f9ac13e0910b0ed5ce12c368bd8014e03c1bb0b063",
    "https://cdn.jsdelivr.net/gh/lumeland/lume@cef9d9458268ecfa058efd4bbb234a935ce3f7dc/core/utils/path.ts": "7a1d199113928cc35782aa3262cbe6f7a4894bc262d7d300de9385b3da45602f",
    "https://cdn.jsdelivr.net/gh/lumeland/lume@cef9d9458268ecfa058efd4bbb234a935ce3f7dc/core/utils/read.ts": "f435e42e01ee022f50a5d1afc08b0a2a481cfa1e9c5844690939f1fdf6faf1bf",
    "https://cdn.jsdelivr.net/gh/lumeland/lume@cef9d9458268ecfa058efd4bbb234a935ce3f7dc/core/utils/tokens.ts": "201777343e716403bfb1dbbc1a988a85b8d3f12699daaacbe8bbdc3c352a57ff",
    "https://cdn.jsdelivr.net/gh/lumeland/lume@cef9d9458268ecfa058efd4bbb234a935ce3f7dc/core/watcher.ts": "9bdb33b2dac840b65545a894c6faecfd31064cc37852dc175081a2048548a89d",
    "https://cdn.jsdelivr.net/gh/lumeland/lume@cef9d9458268ecfa058efd4bbb234a935ce3f7dc/core/writer.ts": "e8952538d57c0b587a3e9344b9b10d1b71274aca234b927b05a09c88ac3f4304",
    "https://cdn.jsdelivr.net/gh/lumeland/lume@cef9d9458268ecfa058efd4bbb234a935ce3f7dc/deps/base64.ts": "c7b786540e9f348726e6c6f3ba00866328463f7323ebd02d91c6bc7b125e19b0",
    "https://cdn.jsdelivr.net/gh/lumeland/lume@cef9d9458268ecfa058efd4bbb234a935ce3f7dc/deps/cli.ts": "5c4d1151c9987c22b6b6ac9fed54963d38ef4b983bd17089b46457efa36d3716",
    "https://cdn.jsdelivr.net/gh/lumeland/lume@cef9d9458268ecfa058efd4bbb234a935ce3f7dc/deps/colors.ts": "01c038ca4f8ad503ae0c81338223e3e9e1cbcaf0a14cc12bb6cd6c12f249df98",
    "https://cdn.jsdelivr.net/gh/lumeland/lume@cef9d9458268ecfa058efd4bbb234a935ce3f7dc/deps/crypto.ts": "0939b1e974472d1db1d611b4160a5a51d796da1368289277d2e26803243959d5",
    "https://cdn.jsdelivr.net/gh/lumeland/lume@cef9d9458268ecfa058efd4bbb234a935ce3f7dc/deps/debugbar.ts": "fac82ee05c8fc2c2a7686201d33fce65ffec7f35b7b7c293c7c9f563afa1aa02",
    "https://cdn.jsdelivr.net/gh/lumeland/lume@cef9d9458268ecfa058efd4bbb234a935ce3f7dc/deps/dom.ts": "00090db01ad1bf53d761aaad4e7deccc4841bdf4b5ddadb5e540b0c2e216a390",
    "https://cdn.jsdelivr.net/gh/lumeland/lume@cef9d9458268ecfa058efd4bbb234a935ce3f7dc/deps/esbuild.ts": "5dc3019f5288edc8c28def496be0fa7f1b963d62e28ae80098e3960c04aef617",
    "https://cdn.jsdelivr.net/gh/lumeland/lume@cef9d9458268ecfa058efd4bbb234a935ce3f7dc/deps/front_matter.ts": "f5e5780d4a0502d50cde1f42a4aa7830756dc9bd0251ba7448cecd1eaa60878f",
    "https://cdn.jsdelivr.net/gh/lumeland/lume@cef9d9458268ecfa058efd4bbb234a935ce3f7dc/deps/fs.ts": "95fbbfe19afd419842d0c36f0f480f1ec0e027a3310a389ef79e6cf2baf5aa27",
    "https://cdn.jsdelivr.net/gh/lumeland/lume@cef9d9458268ecfa058efd4bbb234a935ce3f7dc/deps/hex.ts": "828718f24a780ff3ade8d0a8a5b57497cb31c257560ef12af99b6eb1a31e3bbd",
    "https://cdn.jsdelivr.net/gh/lumeland/lume@cef9d9458268ecfa058efd4bbb234a935ce3f7dc/deps/http.ts": "8b0a9e00933c3506461596d94447e7fdc16dcbe93029a57cbda446207af22b4b",
    "https://cdn.jsdelivr.net/gh/lumeland/lume@cef9d9458268ecfa058efd4bbb234a935ce3f7dc/deps/jsonc.ts": "79f0eddc3c9e593310eb8e5918eb1506b1c7d7816e4ecb96894f634ecbe626ff",
    "https://cdn.jsdelivr.net/gh/lumeland/lume@cef9d9458268ecfa058efd4bbb234a935ce3f7dc/deps/lightningcss.ts": "5f5167c6eb306ef759f0043f8f33f2eaf63c69210aa1aa837505e990ee619c46",
    "https://cdn.jsdelivr.net/gh/lumeland/lume@cef9d9458268ecfa058efd4bbb234a935ce3f7dc/deps/markdown_it.ts": "24c1c0fd18c99b9067d9ff5d051f934cb7c3446e6afbad934f6268af8d1ceb4d",
    "https://cdn.jsdelivr.net/gh/lumeland/lume@cef9d9458268ecfa058efd4bbb234a935ce3f7dc/deps/path.ts": "694822db2e75db402af9ef4dc451c1ed3232c108a54c0a394e9bbd6eac952a6c",
    "https://cdn.jsdelivr.net/gh/lumeland/lume@cef9d9458268ecfa058efd4bbb234a935ce3f7dc/deps/toml.ts": "d3467ce8d50cf04744256929e9c5be23b9a7ec4112432de4a0ea90a2c93c0e1b",
    "https://cdn.jsdelivr.net/gh/lumeland/lume@cef9d9458268ecfa058efd4bbb234a935ce3f7dc/deps/vento.ts": "c99d4287232c66e2dc30ab5f65337cb5101a90eea9734dadfe2e7b68c5ce4144",
    "https://cdn.jsdelivr.net/gh/lumeland/lume@cef9d9458268ecfa058efd4bbb234a935ce3f7dc/deps/yaml.ts": "a639f4fc44ddcfc87f35e38980bbe9fc8101bf8ce34867522e76cc13cb156611",
    "https://cdn.jsdelivr.net/gh/lumeland/lume@cef9d9458268ecfa058efd4bbb234a935ce3f7dc/middlewares/no_cache.ts": "0119e3ae3a596ab12c42df693b93e5b03dd9608e289d862242751a9739438f35",
    "https://cdn.jsdelivr.net/gh/lumeland/lume@cef9d9458268ecfa058efd4bbb234a935ce3f7dc/middlewares/no_cors.ts": "4d24619b5373c98bcc3baf404db47ba088c87ac8538ea1784e58d197b81d4d02",
    "https://cdn.jsdelivr.net/gh/lumeland/lume@cef9d9458268ecfa058efd4bbb234a935ce3f7dc/middlewares/not_found.ts": "0f92cd91239444247a1c3dce1bed4e978445687ca76f544a0ccd483a352f761a",
    "https://cdn.jsdelivr.net/gh/lumeland/lume@cef9d9458268ecfa058efd4bbb234a935ce3f7dc/middlewares/reload.ts": "4ebe51dea8fc471ab248b6b8a68ef2bef75baaa01a5577cb298413e414d86d18",
    "https://cdn.jsdelivr.net/gh/lumeland/lume@cef9d9458268ecfa058efd4bbb234a935ce3f7dc/middlewares/reload_client.js": "9026da20a25fe58ad36233539ada3f38d56d935c5b0c1c69b7fcd21511efadee",
    "https://cdn.jsdelivr.net/gh/lumeland/lume@cef9d9458268ecfa058efd4bbb234a935ce3f7dc/mod.ts": "4ed2edf622df6109304095952f8a02844f5abc2992b6c9886af632b058f1a8f4",
    "https://cdn.jsdelivr.net/gh/lumeland/lume@cef9d9458268ecfa058efd4bbb234a935ce3f7dc/plugins/json.ts": "5c49499e56b919ec848d4118ec97dd4fe0a323a6cc4c648dc45ab55297614c12",
    "https://cdn.jsdelivr.net/gh/lumeland/lume@cef9d9458268ecfa058efd4bbb234a935ce3f7dc/plugins/lume_cms.ts": "cafafbf6fd284e0d80709737751a8240397588d3f06e022ea5aa599753c8b070",
    "https://cdn.jsdelivr.net/gh/lumeland/lume@cef9d9458268ecfa058efd4bbb234a935ce3f7dc/plugins/markdown.ts": "7e82d897c1e35bf119dcd18b6aec7a6ba5aa06848897b34ff9cd161ec7c8757e",
    "https://cdn.jsdelivr.net/gh/lumeland/lume@cef9d9458268ecfa058efd4bbb234a935ce3f7dc/plugins/modules.ts": "4e177c0ffe972b9deef10db2bf0ae52b405418af4dbac03db9e7ffbd6a3ec6ae",
    "https://cdn.jsdelivr.net/gh/lumeland/lume@cef9d9458268ecfa058efd4bbb234a935ce3f7dc/plugins/paginate.ts": "6a1a9a24d0fabed2f722a6a6f29d98559219c69475685034181816e82d367f2e",
    "https://cdn.jsdelivr.net/gh/lumeland/lume@cef9d9458268ecfa058efd4bbb234a935ce3f7dc/plugins/search.ts": "5acb5be828bbbd012fb9226cb97ec3e370d43d05aa44d16e7e7d50bab368b442",
    "https://cdn.jsdelivr.net/gh/lumeland/lume@cef9d9458268ecfa058efd4bbb234a935ce3f7dc/plugins/toml.ts": "e5bf35ed4915587acd453f002b00ae9b88c1782cadc25c703d7642a390af43ea",
    "https://cdn.jsdelivr.net/gh/lumeland/lume@cef9d9458268ecfa058efd4bbb234a935ce3f7dc/plugins/url.ts": "15f2e80b6fcbf86f8795a3676b8d533bab003ac016ff127e58165a6ac3bffc1a",
    "https://cdn.jsdelivr.net/gh/lumeland/lume@cef9d9458268ecfa058efd4bbb234a935ce3f7dc/plugins/vento.ts": "908ffbf31864507afa72c506584f2d28c2449b57a339ddfe8a7220eecf082766",
    "https://cdn.jsdelivr.net/gh/lumeland/lume@cef9d9458268ecfa058efd4bbb234a935ce3f7dc/plugins/yaml.ts": "d0ebf37c38648172c6b95c502753a3edf60278ab4f6a063f3ca00f31e0dd90cc",
    "https://cdn.jsdelivr.net/gh/lumeland/lume@cef9d9458268ecfa058efd4bbb234a935ce3f7dc/types.ts": "5f580502f366b9b25106eb72d49b30d9af7715c8a304fe6e21f382d3c2a4cc38",
    "https://cdn.jsdelivr.net/npm/@imagemagick/magick-wasm@0.0.35/dist/index.js": "1b2c6ba167c7c44e0330ec87edc24fc235125f8fa85eef0f14e8523682e2abc4",
    "https://deno.land/x/deno_dom@v0.1.56/build/deno-wasm/deno-wasm-dynamic.js": "fd05e83a855aa68b09396dc47a7638ef526c39917971715ac37e0fc3227db886",
    "https://deno.land/x/deno_dom@v0.1.56/build/deno-wasm/deno-wasm.js": "ccde5219e42040b8f7a8b653acc6c8cca197c29f98d6b75f74c48111e34bcbea",
    "https://deno.land/x/deno_dom@v0.1.56/build/deno-wasm/deno-wasm_bg-wasm.js": "52c57905a74047d1574f0b96e301ef1d5974cd962705615555b5e46b5ac420e4",
    "https://deno.land/x/deno_dom@v0.1.56/build/deno-wasm/deno-wasm_bg.wasm": "b5fbd7ede316f7c13e4a7b927a053a35b475a9acce7c7cae864e91d9b8dd24c7",
    "https://deno.land/x/deno_dom@v0.1.56/build/deno-wasm/env.js": "17da784c11b192c591dbf7df21ec6f65f63f45ca9a713e4ca100f3c886b4023f",
    "https://deno.land/x/deno_dom@v0.1.56/build/deno-wasm/wbg.js": "b5b6de12bc010fa23438c8a8276067b9044a405da516d0bbe4ae61b7c6d61a22",
    "https://deno.land/x/deno_dom@v0.1.56/deno-dom-wasm.ts": "34f0654b452568fbd95b8d1b2a493de19710ac9ceeb6b82f541d09c29613572d",
    "https://deno.land/x/deno_dom@v0.1.56/src/api.ts": "0ff5790f0a3eeecb4e00b7d8fbfa319b165962cf6d0182a65ba90f158d74f7d7",
    "https://deno.land/x/deno_dom@v0.1.56/src/constructor-lock.ts": "0e7b297e8b9cf921a3b0d3a692ec5fb462c5afc47ec554292e20090b9e16b40a",
    "https://deno.land/x/deno_dom@v0.1.56/src/deserialize.ts": "514953418b7ae558ed7361ad9be21013f46cba2f58bd7f4acc90cf1e89f9c8cf",
    "https://deno.land/x/deno_dom@v0.1.56/src/dom/document-fragment.ts": "0b915d094830d43b330dc2fb8012b990f2c815773c6cdcd4a9fdff99fe47412e",
    "https://deno.land/x/deno_dom@v0.1.56/src/dom/document.ts": "ad584ac4ce6dce03f0ff6ef4b7db86fd598f9c7824da1387f7f2acd7d6948e4a",
    "https://deno.land/x/deno_dom@v0.1.56/src/dom/dom-parser.ts": "ab5e8382700bc3936ac67e8d11b7bb9c6999a994ac8b070b7cae94e2d2ecee5a",
    "https://deno.land/x/deno_dom@v0.1.56/src/dom/element.ts": "9726ebf139b97ae96671d38da720988cfd6481ff9068ba13f3b0d00e72f0c8c0",
    "https://deno.land/x/deno_dom@v0.1.56/src/dom/elements/html-template-element.ts": "1707dfb4cbb145f3bcb94426d7cdedbaa336620d0afed30e99f50fe87ba24a98",
    "https://deno.land/x/deno_dom@v0.1.56/src/dom/html-collection.ts": "dcf328e883877f7748d3e20fb6319e739f297a6e24f4b00ec5b1a2f390cfa3c6",
    "https://deno.land/x/deno_dom@v0.1.56/src/dom/node-list.ts": "be9793475d82539da8b97a17b6b5538cc723538c10cc5820a23e5e4b2248845d",
    "https://deno.land/x/deno_dom@v0.1.56/src/dom/node.ts": "53ada9e4b2ae21f10f5941ff257ed4585920ae392020544648f349c05d15d30c",
    "https://deno.land/x/deno_dom@v0.1.56/src/dom/selectors/custom-api.ts": "852696bd58e534bc41bd3be9e2250b60b67cd95fd28ed16b1deff1d548531a71",
    "https://deno.land/x/deno_dom@v0.1.56/src/dom/selectors/nwsapi-types.ts": "c43b36c36acc5d32caabaa54fda8c9d239b2b0fcbce9a28efb93c84aa1021698",
    "https://deno.land/x/deno_dom@v0.1.56/src/dom/selectors/nwsapi.js": "985d7d8fc1eabbb88946b47a1c44c1b2d4aa79ff23c21424219f1528fa27a2ff",
    "https://deno.land/x/deno_dom@v0.1.56/src/dom/selectors/selectors.ts": "83eab57be2290fb48e3130533448c93c6c61239f2a2f3b85f1917f80ca0fdc75",
    "https://deno.land/x/deno_dom@v0.1.56/src/dom/selectors/sizzle-types.ts": "78149e2502409989ce861ed636b813b059e16bc267bb543e7c2b26ef43e4798b",
    "https://deno.land/x/deno_dom@v0.1.56/src/dom/selectors/sizzle.js": "c3aed60c1045a106d8e546ac2f85cc82e65f62d9af2f8f515210b9212286682a",
    "https://deno.land/x/deno_dom@v0.1.56/src/dom/string-cache.ts": "8e935804f7bac244cc70cec90a28c9f6d30fea14c61c2c4ea48fca274376d786",
    "https://deno.land/x/deno_dom@v0.1.56/src/dom/utils-types.ts": "96db30e3e4a75b194201bb9fa30988215da7f91b380fca6a5143e51ece2a8436",
    "https://deno.land/x/deno_dom@v0.1.56/src/dom/utils.ts": "bc429635e9204051ba1ecc1b212031b5ee7c6bcd95120c91bef696804aa67e74",
    "https://deno.land/x/deno_dom@v0.1.56/src/parser.ts": "e06b2300d693e6ae7564e53dfa5c9a9e97fdb8c044c39c52c8b93b5d60860be3",
    "https://deno.land/x/denoflate@1.2.1/mod.ts": "f5628e44b80b3d80ed525afa2ba0f12408e3849db817d47a883b801f9ce69dd6",
    "https://deno.land/x/denoflate@1.2.1/pkg/denoflate.js": "b9f9ad9457d3f12f28b1fb35c555f57443427f74decb403113d67364e4f2caf4",
    "https://deno.land/x/denoflate@1.2.1/pkg/denoflate_bg.wasm.js": "d581956245407a2115a3d7e8d85a9641c032940a8e810acbd59ca86afd34d44d",
    "https://deno.land/x/esbuild@v0.25.8/mod.js": "a3a34e05849068a0f6e3b3f8d30d3f4affaa9e7b39b1877718caca560dab2132",
    "https://deno.land/x/galo@v0.3.0/mod.ts": "a706e11042ddbedb5428e35e1da3d691f2082872600e4c19ef08184357f084d0",
    "https://deno.land/x/ssx@v0.1.12/css.ts": "c84fc90b732355da2ee18e47338003a293eeb26577cca842f2ee5c98fe9a1717",
    "https://deno.land/x/ssx@v0.1.12/html.ts": "2a460e5489d7fe06dfd122b82e4b075cbac44afede236485ea480aaeda0d625b",
    "https://deno.land/x/ssx@v0.1.12/jsx-runtime.ts": "a334a1ee3a25de7f3b84b7b8d842bcae40e9116f6edb6ec76cb265712c8a2ab8",
    "https://deno.land/x/vento@v1.15.1/bare.ts": "b6cdcc245d4626832ab3a7fb4f2885541e997d2806334d8048d39401fa63d50e",
    "https://deno.land/x/vento@v1.15.1/deps.ts": "036bca5103f3a333a5ca1e24a95ac8c8b404bc85151f15ed83069c940e4cdca8",
    "https://deno.land/x/vento@v1.15.1/mod.ts": "53262793b5e0176acdec84aa9c34ed3ecb0c45cc9d396bf34a06ed4ad3d9930a",
    "https://deno.land/x/vento@v1.15.1/plugins/echo.ts": "61ef0f1205e14ce3d774c69f1f386ba2752f29e59a8e341e58ea3bcd24e3bd34",
    "https://deno.land/x/vento@v1.15.1/plugins/escape.ts": "ba05d1b6c07047ee68ca56c44a6018a372967e79edaf815ff797e98b5e950505",
    "https://deno.land/x/vento@v1.15.1/plugins/export.ts": "43b1ca34a1f1ed17af31f710d7108ab4e5fc11f506e24ed2d7a06055bfba7e6b",
    "https://deno.land/x/vento@v1.15.1/plugins/for.ts": "020544e5a0f50d5267d5bbc5f21943243951687161de4f962c63077b4cbf76ec",
    "https://deno.land/x/vento@v1.15.1/plugins/function.ts": "622c0bb80399f80846e036e6e53fe731a6bc589a7dc208f2b48ea5fa339eae53",
    "https://deno.land/x/vento@v1.15.1/plugins/if.ts": "5b261b617c69a287a2dec26e2c0fb7b99c83a1923b13dfca94b54f3295ca7764",
    "https://deno.land/x/vento@v1.15.1/plugins/import.ts": "6edd09f9b4c852ad9396f1bb0c9d78e794133d784958bcf4440d0e3cfc098be8",
    "https://deno.land/x/vento@v1.15.1/plugins/include.ts": "6063ce094f91bd71280ac9202a2269458ddfb9adfac3497a77c693b6fdfabda5",
    "https://deno.land/x/vento@v1.15.1/plugins/js.ts": "68d78ef2fc7a981d1f124f2f91830135ad46fcbd4dde7d5464cb5103c9293a5e",
    "https://deno.land/x/vento@v1.15.1/plugins/layout.ts": "da84978f0639e95e472edddc2f9837757c28113a04dbe67399087c3a4d14780e",
    "https://deno.land/x/vento@v1.15.1/plugins/set.ts": "4db19b26a841a8efd57305daf3a5d795c7eb9db1b922a4a5a2b5fb3dee70088b",
    "https://deno.land/x/vento@v1.15.1/plugins/trim.ts": "93bce5e32aac9fd1dc4e7acf0278438d710cd1f61f80ce3af719a06cca7f2e3d",
    "https://deno.land/x/vento@v1.15.1/plugins/unescape.ts": "654d18c6269f28d77990364407273cd37c0510381e7ef1146db22fa0b42bef5d",
    "https://deno.land/x/vento@v1.15.1/src/environment.ts": "4a0cc5856e0215c1fafec22b48f548f0e13e5ab3b06cef475307d6b7586a3c22",
    "https://deno.land/x/vento@v1.15.1/src/errors.ts": "18b9b674715c9c23ea5acd410381fe89df438e224c41a83d26484b1dd4520f40",
    "https://deno.land/x/vento@v1.15.1/src/js.ts": "34594e95158ebf887507ef8af0570d3dffb104ecf6a7357fbb10e40369592451",
    "https://deno.land/x/vento@v1.15.1/src/loader.ts": "d39b83d252adbceab26292ba41c67dc15086c3fb739647b933000ade2a24dad5",
    "https://deno.land/x/vento@v1.15.1/src/tokenizer.ts": "c48b88cf8df8ca55e213897369c4ab7145adecebef087eeb0b7db5674d62e90b",
    "https://deno.land/x/vento@v1.15.1/src/transformer.ts": "9ff70c554b3889151745b5f7117bc5c02b889e6e16ca53e5b8c1fa6b767fb451",
    "https://deno.land/x/vento@v1.15.1/src/url_loader.ts": "5d63e9d992b2e71ee7554062ad155643452206bc70803bfd7377e6023071c587",
    "https://deno.land/x/vento@v1.15.2/bare.ts": "b6cdcc245d4626832ab3a7fb4f2885541e997d2806334d8048d39401fa63d50e",
    "https://deno.land/x/vento@v1.15.2/deps.ts": "036bca5103f3a333a5ca1e24a95ac8c8b404bc85151f15ed83069c940e4cdca8",
    "https://deno.land/x/vento@v1.15.2/mod.ts": "53262793b5e0176acdec84aa9c34ed3ecb0c45cc9d396bf34a06ed4ad3d9930a",
    "https://deno.land/x/vento@v1.15.2/plugins/auto_trim.ts": "41f0b83fab0fb47b749e83fd16e8d87360bffba80ae824415882e1cc35cc3150",
    "https://deno.land/x/vento@v1.15.2/plugins/echo.ts": "61ef0f1205e14ce3d774c69f1f386ba2752f29e59a8e341e58ea3bcd24e3bd34",
    "https://deno.land/x/vento@v1.15.2/plugins/escape.ts": "ba05d1b6c07047ee68ca56c44a6018a372967e79edaf815ff797e98b5e950505",
    "https://deno.land/x/vento@v1.15.2/plugins/export.ts": "43b1ca34a1f1ed17af31f710d7108ab4e5fc11f506e24ed2d7a06055bfba7e6b",
    "https://deno.land/x/vento@v1.15.2/plugins/for.ts": "020544e5a0f50d5267d5bbc5f21943243951687161de4f962c63077b4cbf76ec",
    "https://deno.land/x/vento@v1.15.2/plugins/function.ts": "622c0bb80399f80846e036e6e53fe731a6bc589a7dc208f2b48ea5fa339eae53",
    "https://deno.land/x/vento@v1.15.2/plugins/if.ts": "5b261b617c69a287a2dec26e2c0fb7b99c83a1923b13dfca94b54f3295ca7764",
    "https://deno.land/x/vento@v1.15.2/plugins/import.ts": "6edd09f9b4c852ad9396f1bb0c9d78e794133d784958bcf4440d0e3cfc098be8",
    "https://deno.land/x/vento@v1.15.2/plugins/include.ts": "6063ce094f91bd71280ac9202a2269458ddfb9adfac3497a77c693b6fdfabda5",
    "https://deno.land/x/vento@v1.15.2/plugins/js.ts": "68d78ef2fc7a981d1f124f2f91830135ad46fcbd4dde7d5464cb5103c9293a5e",
    "https://deno.land/x/vento@v1.15.2/plugins/layout.ts": "da84978f0639e95e472edddc2f9837757c28113a04dbe67399087c3a4d14780e",
    "https://deno.land/x/vento@v1.15.2/plugins/set.ts": "4db19b26a841a8efd57305daf3a5d795c7eb9db1b922a4a5a2b5fb3dee70088b",
    "https://deno.land/x/vento@v1.15.2/plugins/trim.ts": "93bce5e32aac9fd1dc4e7acf0278438d710cd1f61f80ce3af719a06cca7f2e3d",
    "https://deno.land/x/vento@v1.15.2/plugins/unescape.ts": "654d18c6269f28d77990364407273cd37c0510381e7ef1146db22fa0b42bef5d",
    "https://deno.land/x/vento@v1.15.2/src/environment.ts": "4a0cc5856e0215c1fafec22b48f548f0e13e5ab3b06cef475307d6b7586a3c22",
    "https://deno.land/x/vento@v1.15.2/src/errors.ts": "18b9b674715c9c23ea5acd410381fe89df438e224c41a83d26484b1dd4520f40",
    "https://deno.land/x/vento@v1.15.2/src/js.ts": "34594e95158ebf887507ef8af0570d3dffb104ecf6a7357fbb10e40369592451",
    "https://deno.land/x/vento@v1.15.2/src/loader.ts": "d39b83d252adbceab26292ba41c67dc15086c3fb739647b933000ade2a24dad5",
    "https://deno.land/x/vento@v1.15.2/src/tokenizer.ts": "c48b88cf8df8ca55e213897369c4ab7145adecebef087eeb0b7db5674d62e90b",
    "https://deno.land/x/vento@v1.15.2/src/transformer.ts": "9ff70c554b3889151745b5f7117bc5c02b889e6e16ca53e5b8c1fa6b767fb451"
  }
}
